
Microsoft Visual Studio Solution File, Format Version 12.00
# Visual Studio Version 16
VisualStudioVersion = 16.0.29009.5
MinimumVisualStudioVersion = 10.0.40219.1
Project("{FAE04EC0-301F-11D3-BF4B-00C04F79EFBC}") = "POO2.Trabalho2.SistemaReservas", "POO2.Trabalho2.SistemaReservas\POO2.Trabalho2.SistemaReservas.csproj", "{953C59B9-F4ED-4B90-95E9-A386EDF9B201}"
EndProject
Global
	GlobalSection(SolutionConfigurationPlatforms) = preSolution
		Debug|Any CPU = Debug|Any CPU
		Release|Any CPU = Release|Any CPU
	EndGlobalSection
	GlobalSection(ProjectConfigurationPlatforms) = postSolution
		{953C59B9-F4ED-4B90-95E9-A386EDF9B201}.Debug|Any CPU.ActiveCfg = Debug|Any CPU
		{953C59B9-F4ED-4B90-95E9-A386EDF9B201}.Debug|Any CPU.Build.0 = Debug|Any CPU
		{953C59B9-F4ED-4B90-95E9-A386EDF9B201}.Release|Any CPU.ActiveCfg = Release|Any CPU
		{953C59B9-F4ED-4B90-95E9-A386EDF9B201}.Release|Any CPU.Build.0 = Release|Any CPU
	EndGlobalSection
	GlobalSection(SolutionProperties) = preSolution
		HideSolutionNode = FALSE
	EndGlobalSection
	GlobalSection(ExtensibilityGlobals) = postSolution
		SolutionGuid = {FCC0C867-3597-4F33-B72A-240698744D88}
	EndGlobalSection
EndGlobal
